{
  "nodes": {
    "nixpkgs": {
      "locked": {
        "lastModified": 1744213284,
        "narHash": "sha256-csSKD6he4moh1vCqYpaqj2vMRnoV3oaKlMCHeA7JDvQ=",
        "owner": "nixos",
        "repo": "nixpkgs",
        "rev": "b573648354cfb73e9436d3b383f5448fc7bbcd04",
        "type": "github"
      },
      "original": {
        "owner": "nixos",
        "repo": "nixpkgs",
        "type": "github"
      }
    },
    "root": {
      "inputs": {
        "nixpkgs": "nixpkgs",
        "rust-overlay": "rust-overlay"
      }
    },
    "rust-overlay": {
      "inputs": {
        "nixpkgs": [
          "nixpkgs"
        ]
      },
      "locked": {
        "lastModified": 1744166053,
        "narHash": "sha256-mpI7OzFwp+fUeDtZYQbVZ2YmtxTN2UNrrOwbYD27xKU=",
        "owner": "oxalica",
        "repo": "rust-overlay",
        "rev": "896158be1835589db6f42f45ef0a49b8b492cc66",
        "type": "github"
      },
      "original": {
        "owner": "oxalica",
        "repo": "rust-overlay",
        "type": "github"
      }
    }
  },
  "root": "root",
  "version": 7
}
