{
  "nodes": {
    "nixpkgs": {
      "locked": {
        "lastModified": 1788356146,
        "narHash": "sha256-ZNLF3a92LctmSlEKTt9YnWd8OaTGxLZfFNJy1rw9rCQ=",
        "owner": "nixos",
        "repo": "nixpkgs",
        "rev": "84413300ddf9e05ac3b08979eb9a958d5cf34d81",
        "type": "github"
      },
      "original": {
        "owner": "nixos",
        "repo": "nixpkgs",
        "type": "github"
      }
    },
    "root": {
      "inputs": {
        "nixpkgs": "nixpkgs"
      }
    }
  },
  "root": "root",
  "version": 7
}
